
Microsoft Visual Studio Solution File, Format Version 12.00
# Visual Studio 15
VisualStudioVersion = 15.0.28307.539
MinimumVisualStudioVersion = 10.0.40219.1
Project("{FAE04EC0-301F-11D3-BF4B-00C04F79EFBC}") = "seminar4", "seminar4\seminar4.csproj", "{7D825ADD-00E0-450C-BDF4-C53990E5DFAD}"
EndProject
Global
	GlobalSection(SolutionConfigurationPlatforms) = preSolution
		Debug|Any CPU = Debug|Any CPU
		Release|Any CPU = Release|Any CPU
	EndGlobalSection
	GlobalSection(ProjectConfigurationPlatforms) = postSolution
		{7D825ADD-00E0-450C-BDF4-C53990E5DFAD}.Debug|Any CPU.ActiveCfg = Debug|Any CPU
		{7D825ADD-00E0-450C-BDF4-C53990E5DFAD}.Debug|Any CPU.Build.0 = Debug|Any CPU
		{7D825ADD-00E0-450C-BDF4-C53990E5DFAD}.Release|Any CPU.ActiveCfg = Release|Any CPU
		{7D825ADD-00E0-450C-BDF4-C53990E5DFAD}.Release|Any CPU.Build.0 = Release|Any CPU
	EndGlobalSection
	GlobalSection(SolutionProperties) = preSolution
		HideSolutionNode = FALSE
	EndGlobalSection
	GlobalSection(ExtensibilityGlobals) = postSolution
		SolutionGuid = {5F175604-424E-4DFC-A60D-20700F832490}
	EndGlobalSection
EndGlobal
