
Microsoft Visual Studio Solution File, Format Version 12.00
# Visual Studio 15
VisualStudioVersion = 15.0.28307.539
MinimumVisualStudioVersion = 10.0.40219.1
Project("{FAE04EC0-301F-11D3-BF4B-00C04F79EFBC}") = "ParcAuto_bilet1", "ParcAuto_bilet1\ParcAuto_bilet1.csproj", "{60C2D990-063D-4D76-BC15-C179C086AABD}"
EndProject
Global
	GlobalSection(SolutionConfigurationPlatforms) = preSolution
		Debug|Any CPU = Debug|Any CPU
		Release|Any CPU = Release|Any CPU
	EndGlobalSection
	GlobalSection(ProjectConfigurationPlatforms) = postSolution
		{60C2D990-063D-4D76-BC15-C179C086AABD}.Debug|Any CPU.ActiveCfg = Debug|Any CPU
		{60C2D990-063D-4D76-BC15-C179C086AABD}.Debug|Any CPU.Build.0 = Debug|Any CPU
		{60C2D990-063D-4D76-BC15-C179C086AABD}.Release|Any CPU.ActiveCfg = Release|Any CPU
		{60C2D990-063D-4D76-BC15-C179C086AABD}.Release|Any CPU.Build.0 = Release|Any CPU
	EndGlobalSection
	GlobalSection(SolutionProperties) = preSolution
		HideSolutionNode = FALSE
	EndGlobalSection
	GlobalSection(ExtensibilityGlobals) = postSolution
		SolutionGuid = {97E0D7E6-00CA-4177-AFDF-AF7DC5195BE8}
	EndGlobalSection
EndGlobal
