
Microsoft Visual Studio Solution File, Format Version 12.00
# Visual Studio 15
VisualStudioVersion = 15.0.28307.539
MinimumVisualStudioVersion = 10.0.40219.1
Project("{FAE04EC0-301F-11D3-BF4B-00C04F79EFBC}") = "UnitateTuristica", "UnitateTuristica\UnitateTuristica.csproj", "{A632F9B2-A466-4DC2-83F0-6F1B6A7DDC8D}"
EndProject
Global
	GlobalSection(SolutionConfigurationPlatforms) = preSolution
		Debug|Any CPU = Debug|Any CPU
		Release|Any CPU = Release|Any CPU
	EndGlobalSection
	GlobalSection(ProjectConfigurationPlatforms) = postSolution
		{A632F9B2-A466-4DC2-83F0-6F1B6A7DDC8D}.Debug|Any CPU.ActiveCfg = Debug|Any CPU
		{A632F9B2-A466-4DC2-83F0-6F1B6A7DDC8D}.Debug|Any CPU.Build.0 = Debug|Any CPU
		{A632F9B2-A466-4DC2-83F0-6F1B6A7DDC8D}.Release|Any CPU.ActiveCfg = Release|Any CPU
		{A632F9B2-A466-4DC2-83F0-6F1B6A7DDC8D}.Release|Any CPU.Build.0 = Release|Any CPU
	EndGlobalSection
	GlobalSection(SolutionProperties) = preSolution
		HideSolutionNode = FALSE
	EndGlobalSection
	GlobalSection(ExtensibilityGlobals) = postSolution
		SolutionGuid = {B2EF8675-B61D-43E1-8A99-1B24DC0CFED0}
	EndGlobalSection
EndGlobal
