
Microsoft Visual Studio Solution File, Format Version 12.00
# Visual Studio 15
VisualStudioVersion = 15.0.28307.539
MinimumVisualStudioVersion = 10.0.40219.1
Project("{FAE04EC0-301F-11D3-BF4B-00C04F79EFBC}") = "Seminar3_mod", "Seminar3_mod\Seminar3_mod.csproj", "{4C70DEE6-4D18-46A1-8D29-882A0EE1D6B9}"
EndProject
Global
	GlobalSection(SolutionConfigurationPlatforms) = preSolution
		Debug|Any CPU = Debug|Any CPU
		Release|Any CPU = Release|Any CPU
	EndGlobalSection
	GlobalSection(ProjectConfigurationPlatforms) = postSolution
		{4C70DEE6-4D18-46A1-8D29-882A0EE1D6B9}.Debug|Any CPU.ActiveCfg = Debug|Any CPU
		{4C70DEE6-4D18-46A1-8D29-882A0EE1D6B9}.Debug|Any CPU.Build.0 = Debug|Any CPU
		{4C70DEE6-4D18-46A1-8D29-882A0EE1D6B9}.Release|Any CPU.ActiveCfg = Release|Any CPU
		{4C70DEE6-4D18-46A1-8D29-882A0EE1D6B9}.Release|Any CPU.Build.0 = Release|Any CPU
	EndGlobalSection
	GlobalSection(SolutionProperties) = preSolution
		HideSolutionNode = FALSE
	EndGlobalSection
	GlobalSection(ExtensibilityGlobals) = postSolution
		SolutionGuid = {CC74C4E8-BFD8-4E21-B8B4-214E07ED727E}
	EndGlobalSection
EndGlobal
