
Microsoft Visual Studio Solution File, Format Version 12.00
# Visual Studio 15
VisualStudioVersion = 15.0.28307.539
MinimumVisualStudioVersion = 10.0.40219.1
Project("{FAE04EC0-301F-11D3-BF4B-00C04F79EFBC}") = "seminar9", "seminar9\seminar9.csproj", "{D075E48F-7A58-4E69-83C7-1E0AD97926D4}"
EndProject
Global
	GlobalSection(SolutionConfigurationPlatforms) = preSolution
		Debug|Any CPU = Debug|Any CPU
		Release|Any CPU = Release|Any CPU
	EndGlobalSection
	GlobalSection(ProjectConfigurationPlatforms) = postSolution
		{D075E48F-7A58-4E69-83C7-1E0AD97926D4}.Debug|Any CPU.ActiveCfg = Debug|Any CPU
		{D075E48F-7A58-4E69-83C7-1E0AD97926D4}.Debug|Any CPU.Build.0 = Debug|Any CPU
		{D075E48F-7A58-4E69-83C7-1E0AD97926D4}.Release|Any CPU.ActiveCfg = Release|Any CPU
		{D075E48F-7A58-4E69-83C7-1E0AD97926D4}.Release|Any CPU.Build.0 = Release|Any CPU
	EndGlobalSection
	GlobalSection(SolutionProperties) = preSolution
		HideSolutionNode = FALSE
	EndGlobalSection
	GlobalSection(ExtensibilityGlobals) = postSolution
		SolutionGuid = {2149C5C3-7319-4DBF-AE81-FDCC154B8959}
	EndGlobalSection
EndGlobal
