
Microsoft Visual Studio Solution File, Format Version 12.00
# Visual Studio 15
VisualStudioVersion = 15.0.28307.539
MinimumVisualStudioVersion = 10.0.40219.1
Project("{FAE04EC0-301F-11D3-BF4B-00C04F79EFBC}") = "seminar2", "seminar2\seminar2.csproj", "{7F2D1F5D-8DA1-4CE8-8879-F2AA201315BB}"
EndProject
Global
	GlobalSection(SolutionConfigurationPlatforms) = preSolution
		Debug|Any CPU = Debug|Any CPU
		Release|Any CPU = Release|Any CPU
	EndGlobalSection
	GlobalSection(ProjectConfigurationPlatforms) = postSolution
		{7F2D1F5D-8DA1-4CE8-8879-F2AA201315BB}.Debug|Any CPU.ActiveCfg = Debug|Any CPU
		{7F2D1F5D-8DA1-4CE8-8879-F2AA201315BB}.Debug|Any CPU.Build.0 = Debug|Any CPU
		{7F2D1F5D-8DA1-4CE8-8879-F2AA201315BB}.Release|Any CPU.ActiveCfg = Release|Any CPU
		{7F2D1F5D-8DA1-4CE8-8879-F2AA201315BB}.Release|Any CPU.Build.0 = Release|Any CPU
	EndGlobalSection
	GlobalSection(SolutionProperties) = preSolution
		HideSolutionNode = FALSE
	EndGlobalSection
	GlobalSection(ExtensibilityGlobals) = postSolution
		SolutionGuid = {6AEE14FF-DCFA-482A-A343-4EB9685C6CB9}
	EndGlobalSection
EndGlobal
